// !$*UTF8*$!
{
	archiveVersion = 1;
	classes = {
	};
	objectVersion = 46;
	objects = {

/* Begin PBXBuildFile section */
		96689AD16CD26108538D8BE7 /* libPods-Anymotion.a in Frameworks */ = {isa = PBXBuildFile; fileRef = 28B0113D63251ACFDDA57D21 /* libPods-Anymotion.a */; };
		A341B19C1D781FF000FF7EB4 /* main.m in Sources */ = {isa = PBXBuildFile; fileRef = A341B19B1D781FF000FF7EB4 /* main.m */; };
		A341B19F1D781FF000FF7EB4 /* AppDelegate.m in Sources */ = {isa = PBXBuildFile; fileRef = A341B19E1D781FF000FF7EB4 /* AppDelegate.m */; };
		A341B1A21D781FF000FF7EB4 /* ViewController.m in Sources */ = {isa = PBXBuildFile; fileRef = A341B1A11D781FF000FF7EB4 /* ViewController.m */; };
		A341B1A51D781FF000FF7EB4 /* Main.storyboard in Resources */ = {isa = PBXBuildFile; fileRef = A341B1A31D781FF000FF7EB4 /* Main.storyboard */; };
		A341B1A71D781FF000FF7EB4 /* Assets.xcassets in Resources */ = {isa = PBXBuildFile; fileRef = A341B1A61D781FF000FF7EB4 /* Assets.xcassets */; };
		A341B1AA1D781FF000FF7EB4 /* LaunchScreen.storyboard in Resources */ = {isa = PBXBuildFile; fileRef = A341B1A81D781FF000FF7EB4 /* LaunchScreen.storyboard */; };
		A341B1B51D781FF000FF7EB4 /* AnymotionTests.m in Sources */ = {isa = PBXBuildFile; fileRef = A341B1B41D781FF000FF7EB4 /* AnymotionTests.m */; };
		A341B1C01D781FF000FF7EB4 /* AnymotionUITests.m in Sources */ = {isa = PBXBuildFile; fileRef = A341B1BF1D781FF000FF7EB4 /* AnymotionUITests.m */; };
		A341B1DE1D78218A00FF7EB4 /* ANYActivity.m in Sources */ = {isa = PBXBuildFile; fileRef = A341B1CF1D78218A00FF7EB4 /* ANYActivity.m */; };
		A341B1DF1D78218A00FF7EB4 /* ANYAnimation.m in Sources */ = {isa = PBXBuildFile; fileRef = A341B1D11D78218A00FF7EB4 /* ANYAnimation.m */; };
		A341B1E01D78218A00FF7EB4 /* ANYSubscriber.m in Sources */ = {isa = PBXBuildFile; fileRef = A341B1D41D78218A00FF7EB4 /* ANYSubscriber.m */; };
		A341B1E11D78218A00FF7EB4 /* ANYPOPBasic.m in Sources */ = {isa = PBXBuildFile; fileRef = A341B1D71D78218A00FF7EB4 /* ANYPOPBasic.m */; };
		A341B1E21D78218A00FF7EB4 /* ANYPOPDecay.m in Sources */ = {isa = PBXBuildFile; fileRef = A341B1D91D78218A00FF7EB4 /* ANYPOPDecay.m */; };
		A341B1E31D78218A00FF7EB4 /* ANYPOPSpring.m in Sources */ = {isa = PBXBuildFile; fileRef = A341B1DB1D78218A00FF7EB4 /* ANYPOPSpring.m */; };
		A35EE2E51D869FBF0005FF4B /* ANYUIView.m in Sources */ = {isa = PBXBuildFile; fileRef = A35EE2E41D869FBF0005FF4B /* ANYUIView.m */; };
		FC7A6A121D78707F00A91B5B /* ANYCABasic.m in Sources */ = {isa = PBXBuildFile; fileRef = FC7A6A111D78707F00A91B5B /* ANYCABasic.m */; };
		FCD401B91D7995FC004A4B66 /* ANYCALayerAnimationBlockDelegate.m in Sources */ = {isa = PBXBuildFile; fileRef = FCD401B81D7995FC004A4B66 /* ANYCALayerAnimationBlockDelegate.m */; };
/* End PBXBuildFile section */

/* Begin PBXContainerItemProxy section */
		A341B1B11D781FF000FF7EB4 /* PBXContainerItemProxy */ = {
			isa = PBXContainerItemProxy;
			containerPortal = A341B18F1D781FF000FF7EB4 /* Project object */;
			proxyType = 1;
			remoteGlobalIDString = A341B1961D781FF000FF7EB4;
			remoteInfo = Anymotion;
		};
		A341B1BC1D781FF000FF7EB4 /* PBXContainerItemProxy */ = {
			isa = PBXContainerItemProxy;
			containerPortal = A341B18F1D781FF000FF7EB4 /* Project object */;
			proxyType = 1;
			remoteGlobalIDString = A341B1961D781FF000FF7EB4;
			remoteInfo = Anymotion;
		};
/* End PBXContainerItemProxy section */

/* Begin PBXFileReference section */
		28B0113D63251ACFDDA57D21 /* libPods-Anymotion.a */ = {isa = PBXFileReference; explicitFileType = archive.ar; includeInIndex = 0; path = "libPods-Anymotion.a"; sourceTree = BUILT_PRODUCTS_DIR; };
		99E0E24C84DAC93D9D578DF9 /* Pods-Anymotion.debug.xcconfig */ = {isa = PBXFileReference; includeInIndex = 1; lastKnownFileType = text.xcconfig; name = "Pods-Anymotion.debug.xcconfig"; path = "Pods/Target Support Files/Pods-Anymotion/Pods-Anymotion.debug.xcconfig"; sourceTree = "<group>"; };
		A341B1971D781FF000FF7EB4 /* Anymotion.app */ = {isa = PBXFileReference; explicitFileType = wrapper.application; includeInIndex = 0; path = Anymotion.app; sourceTree = BUILT_PRODUCTS_DIR; };
		A341B19B1D781FF000FF7EB4 /* main.m */ = {isa = PBXFileReference; lastKnownFileType = sourcecode.c.objc; path = main.m; sourceTree = "<group>"; };
		A341B19D1D781FF000FF7EB4 /* AppDelegate.h */ = {isa = PBXFileReference; lastKnownFileType = sourcecode.c.h; path = AppDelegate.h; sourceTree = "<group>"; };
		A341B19E1D781FF000FF7EB4 /* AppDelegate.m */ = {isa = PBXFileReference; lastKnownFileType = sourcecode.c.objc; path = AppDelegate.m; sourceTree = "<group>"; };
		A341B1A01D781FF000FF7EB4 /* ViewController.h */ = {isa = PBXFileReference; lastKnownFileType = sourcecode.c.h; path = ViewController.h; sourceTree = "<group>"; };
		A341B1A11D781FF000FF7EB4 /* ViewController.m */ = {isa = PBXFileReference; lastKnownFileType = sourcecode.c.objc; path = ViewController.m; sourceTree = "<group>"; };
		A341B1A41D781FF000FF7EB4 /* Base */ = {isa = PBXFileReference; lastKnownFileType = file.storyboard; name = Base; path = Base.lproj/Main.storyboard; sourceTree = "<group>"; };
		A341B1A61D781FF000FF7EB4 /* Assets.xcassets */ = {isa = PBXFileReference; lastKnownFileType = folder.assetcatalog; path = Assets.xcassets; sourceTree = "<group>"; };
		A341B1A91D781FF000FF7EB4 /* Base */ = {isa = PBXFileReference; lastKnownFileType = file.storyboard; name = Base; path = Base.lproj/LaunchScreen.storyboard; sourceTree = "<group>"; };
		A341B1AB1D781FF000FF7EB4 /* Info.plist */ = {isa = PBXFileReference; lastKnownFileType = text.plist.xml; path = Info.plist; sourceTree = "<group>"; };
		A341B1B01D781FF000FF7EB4 /* AnymotionTests.xctest */ = {isa = PBXFileReference; explicitFileType = wrapper.cfbundle; includeInIndex = 0; path = AnymotionTests.xctest; sourceTree = BUILT_PRODUCTS_DIR; };
		A341B1B41D781FF000FF7EB4 /* AnymotionTests.m */ = {isa = PBXFileReference; lastKnownFileType = sourcecode.c.objc; path = AnymotionTests.m; sourceTree = "<group>"; };
		A341B1B61D781FF000FF7EB4 /* Info.plist */ = {isa = PBXFileReference; lastKnownFileType = text.plist.xml; path = Info.plist; sourceTree = "<group>"; };
		A341B1BB1D781FF000FF7EB4 /* AnymotionUITests.xctest */ = {isa = PBXFileReference; explicitFileType = wrapper.cfbundle; includeInIndex = 0; path = AnymotionUITests.xctest; sourceTree = BUILT_PRODUCTS_DIR; };
		A341B1BF1D781FF000FF7EB4 /* AnymotionUITests.m */ = {isa = PBXFileReference; lastKnownFileType = sourcecode.c.objc; path = AnymotionUITests.m; sourceTree = "<group>"; };
		A341B1C11D781FF000FF7EB4 /* Info.plist */ = {isa = PBXFileReference; lastKnownFileType = text.plist.xml; path = Info.plist; sourceTree = "<group>"; };
		A341B1CE1D78218A00FF7EB4 /* ANYActivity.h */ = {isa = PBXFileReference; fileEncoding = 4; lastKnownFileType = sourcecode.c.h; path = ANYActivity.h; sourceTree = "<group>"; };
		A341B1CF1D78218A00FF7EB4 /* ANYActivity.m */ = {isa = PBXFileReference; fileEncoding = 4; lastKnownFileType = sourcecode.c.objc; path = ANYActivity.m; sourceTree = "<group>"; };
		A341B1D01D78218A00FF7EB4 /* ANYAnimation.h */ = {isa = PBXFileReference; fileEncoding = 4; lastKnownFileType = sourcecode.c.h; path = ANYAnimation.h; sourceTree = "<group>"; };
		A341B1D11D78218A00FF7EB4 /* ANYAnimation.m */ = {isa = PBXFileReference; fileEncoding = 4; lastKnownFileType = sourcecode.c.objc; path = ANYAnimation.m; sourceTree = "<group>"; };
		A341B1D21D78218A00FF7EB4 /* Anymotion.h */ = {isa = PBXFileReference; fileEncoding = 4; lastKnownFileType = sourcecode.c.h; path = Anymotion.h; sourceTree = "<group>"; };
		A341B1D31D78218A00FF7EB4 /* ANYSubscriber.h */ = {isa = PBXFileReference; fileEncoding = 4; lastKnownFileType = sourcecode.c.h; path = ANYSubscriber.h; sourceTree = "<group>"; };
		A341B1D41D78218A00FF7EB4 /* ANYSubscriber.m */ = {isa = PBXFileReference; fileEncoding = 4; lastKnownFileType = sourcecode.c.objc; path = ANYSubscriber.m; sourceTree = "<group>"; };
		A341B1D61D78218A00FF7EB4 /* ANYPOPBasic.h */ = {isa = PBXFileReference; fileEncoding = 4; lastKnownFileType = sourcecode.c.h; path = ANYPOPBasic.h; sourceTree = "<group>"; };
		A341B1D71D78218A00FF7EB4 /* ANYPOPBasic.m */ = {isa = PBXFileReference; fileEncoding = 4; lastKnownFileType = sourcecode.c.objc; path = ANYPOPBasic.m; sourceTree = "<group>"; };
		A341B1D81D78218A00FF7EB4 /* ANYPOPDecay.h */ = {isa = PBXFileReference; fileEncoding = 4; lastKnownFileType = sourcecode.c.h; path = ANYPOPDecay.h; sourceTree = "<group>"; };
		A341B1D91D78218A00FF7EB4 /* ANYPOPDecay.m */ = {isa = PBXFileReference; fileEncoding = 4; lastKnownFileType = sourcecode.c.objc; path = ANYPOPDecay.m; sourceTree = "<group>"; };
		A341B1DA1D78218A00FF7EB4 /* ANYPOPSpring.h */ = {isa = PBXFileReference; fileEncoding = 4; lastKnownFileType = sourcecode.c.h; path = ANYPOPSpring.h; sourceTree = "<group>"; };
		A341B1DB1D78218A00FF7EB4 /* ANYPOPSpring.m */ = {isa = PBXFileReference; fileEncoding = 4; lastKnownFileType = sourcecode.c.objc; path = ANYPOPSpring.m; sourceTree = "<group>"; };
		A341B1E51D78220900FF7EB4 /* ANYEXTScope.h */ = {isa = PBXFileReference; lastKnownFileType = sourcecode.c.h; path = ANYEXTScope.h; sourceTree = "<group>"; };
		A341B1E61D78221D00FF7EB4 /* ANYEXTMetamacros.h */ = {isa = PBXFileReference; lastKnownFileType = sourcecode.c.h; path = ANYEXTMetamacros.h; sourceTree = "<group>"; };
		A35EE2E31D869FBF0005FF4B /* ANYUIView.h */ = {isa = PBXFileReference; fileEncoding = 4; lastKnownFileType = sourcecode.c.h; path = ANYUIView.h; sourceTree = "<group>"; };
		A35EE2E41D869FBF0005FF4B /* ANYUIView.m */ = {isa = PBXFileReference; fileEncoding = 4; lastKnownFileType = sourcecode.c.objc; path = ANYUIView.m; sourceTree = "<group>"; };
		C97D79EAB56CE315A1E2E1BD /* Pods-Anymotion.release.xcconfig */ = {isa = PBXFileReference; includeInIndex = 1; lastKnownFileType = text.xcconfig; name = "Pods-Anymotion.release.xcconfig"; path = "Pods/Target Support Files/Pods-Anymotion/Pods-Anymotion.release.xcconfig"; sourceTree = "<group>"; };
		FC7A6A101D78707F00A91B5B /* ANYCABasic.h */ = {isa = PBXFileReference; fileEncoding = 4; lastKnownFileType = sourcecode.c.h; path = ANYCABasic.h; sourceTree = "<group>"; };
		FC7A6A111D78707F00A91B5B /* ANYCABasic.m */ = {isa = PBXFileReference; fileEncoding = 4; lastKnownFileType = sourcecode.c.objc; path = ANYCABasic.m; sourceTree = "<group>"; };
		FCD401B71D7995FC004A4B66 /* ANYCALayerAnimationBlockDelegate.h */ = {isa = PBXFileReference; fileEncoding = 4; lastKnownFileType = sourcecode.c.h; path = ANYCALayerAnimationBlockDelegate.h; sourceTree = "<group>"; };
		FCD401B81D7995FC004A4B66 /* ANYCALayerAnimationBlockDelegate.m */ = {isa = PBXFileReference; fileEncoding = 4; lastKnownFileType = sourcecode.c.objc; path = ANYCALayerAnimationBlockDelegate.m; sourceTree = "<group>"; };
		FCE191AF1D928C9D0044CA8C /* Anymotion.playground */ = {isa = PBXFileReference; lastKnownFileType = file.playground; path = Anymotion.playground; sourceTree = "<group>"; };
/* End PBXFileReference section */

/* Begin PBXFrameworksBuildPhase section */
		A341B1941D781FF000FF7EB4 /* Frameworks */ = {
			isa = PBXFrameworksBuildPhase;
			buildActionMask = 2147483647;
			files = (
				96689AD16CD26108538D8BE7 /* libPods-Anymotion.a in Frameworks */,
			);
			runOnlyForDeploymentPostprocessing = 0;
		};
		A341B1AD1D781FF000FF7EB4 /* Frameworks */ = {
			isa = PBXFrameworksBuildPhase;
			buildActionMask = 2147483647;
			files = (
			);
			runOnlyForDeploymentPostprocessing = 0;
		};
		A341B1B81D781FF000FF7EB4 /* Frameworks */ = {
			isa = PBXFrameworksBuildPhase;
			buildActionMask = 2147483647;
			files = (
			);
			runOnlyForDeploymentPostprocessing = 0;
		};
/* End PBXFrameworksBuildPhase section */

/* Begin PBXGroup section */
		A341B18E1D781FF000FF7EB4 = {
			isa = PBXGroup;
			children = (
				FCE191AF1D928C9D0044CA8C /* Anymotion.playground */,
				A341B1CD1D78218A00FF7EB4 /* Source */,
				A341B1991D781FF000FF7EB4 /* Anymotion */,
				A341B1B31D781FF000FF7EB4 /* AnymotionTests */,
				A341B1BE1D781FF000FF7EB4 /* AnymotionUITests */,
				A341B1981D781FF000FF7EB4 /* Products */,
				D99658BE59841498F84DC8E0 /* Pods */,
				D9AD6186FD79CD4931AA055B /* Frameworks */,
			);
			sourceTree = "<group>";
		};
		A341B1981D781FF000FF7EB4 /* Products */ = {
			isa = PBXGroup;
			children = (
				A341B1971D781FF000FF7EB4 /* Anymotion.app */,
				A341B1B01D781FF000FF7EB4 /* AnymotionTests.xctest */,
				A341B1BB1D781FF000FF7EB4 /* AnymotionUITests.xctest */,
			);
			name = Products;
			sourceTree = "<group>";
		};
		A341B1991D781FF000FF7EB4 /* Anymotion */ = {
			isa = PBXGroup;
			children = (
				A341B19D1D781FF000FF7EB4 /* AppDelegate.h */,
				A341B19E1D781FF000FF7EB4 /* AppDelegate.m */,
				A341B1A01D781FF000FF7EB4 /* ViewController.h */,
				A341B1A11D781FF000FF7EB4 /* ViewController.m */,
				A341B1A31D781FF000FF7EB4 /* Main.storyboard */,
				A341B1A61D781FF000FF7EB4 /* Assets.xcassets */,
				A341B1A81D781FF000FF7EB4 /* LaunchScreen.storyboard */,
				A341B1AB1D781FF000FF7EB4 /* Info.plist */,
				A341B19A1D781FF000FF7EB4 /* Supporting Files */,
			);
			path = Anymotion;
			sourceTree = "<group>";
		};
		A341B19A1D781FF000FF7EB4 /* Supporting Files */ = {
			isa = PBXGroup;
			children = (
				A341B19B1D781FF000FF7EB4 /* main.m */,
			);
			name = "Supporting Files";
			sourceTree = "<group>";
		};
		A341B1B31D781FF000FF7EB4 /* AnymotionTests */ = {
			isa = PBXGroup;
			children = (
				A341B1B41D781FF000FF7EB4 /* AnymotionTests.m */,
				A341B1B61D781FF000FF7EB4 /* Info.plist */,
			);
			path = AnymotionTests;
			sourceTree = "<group>";
		};
		A341B1BE1D781FF000FF7EB4 /* AnymotionUITests */ = {
			isa = PBXGroup;
			children = (
				A341B1BF1D781FF000FF7EB4 /* AnymotionUITests.m */,
				A341B1C11D781FF000FF7EB4 /* Info.plist */,
			);
			path = AnymotionUITests;
			sourceTree = "<group>";
		};
		A341B1CD1D78218A00FF7EB4 /* Source */ = {
			isa = PBXGroup;
			children = (
				A341B1D21D78218A00FF7EB4 /* Anymotion.h */,
				A341B1E61D78221D00FF7EB4 /* ANYEXTMetamacros.h */,
				A341B1E51D78220900FF7EB4 /* ANYEXTScope.h */,
				A341B1CE1D78218A00FF7EB4 /* ANYActivity.h */,
				A341B1CF1D78218A00FF7EB4 /* ANYActivity.m */,
				A341B1D01D78218A00FF7EB4 /* ANYAnimation.h */,
				A341B1D11D78218A00FF7EB4 /* ANYAnimation.m */,
				A341B1D31D78218A00FF7EB4 /* ANYSubscriber.h */,
				A341B1D41D78218A00FF7EB4 /* ANYSubscriber.m */,
				A341B1D51D78218A00FF7EB4 /* Factories */,
				FCD401B71D7995FC004A4B66 /* ANYCALayerAnimationBlockDelegate.h */,
				FCD401B81D7995FC004A4B66 /* ANYCALayerAnimationBlockDelegate.m */,
			);
			name = Source;
			path = ../Source;
			sourceTree = "<group>";
		};
		A341B1D51D78218A00FF7EB4 /* Factories */ = {
			isa = PBXGroup;
			children = (
				FC7A6A101D78707F00A91B5B /* ANYCABasic.h */,
				FC7A6A111D78707F00A91B5B /* ANYCABasic.m */,
				A35EE2E31D869FBF0005FF4B /* ANYUIView.h */,
				A35EE2E41D869FBF0005FF4B /* ANYUIView.m */,
				A341B1D61D78218A00FF7EB4 /* ANYPOPBasic.h */,
				A341B1D71D78218A00FF7EB4 /* ANYPOPBasic.m */,
				A341B1D81D78218A00FF7EB4 /* ANYPOPDecay.h */,
				A341B1D91D78218A00FF7EB4 /* ANYPOPDecay.m */,
				A341B1DA1D78218A00FF7EB4 /* ANYPOPSpring.h */,
				A341B1DB1D78218A00FF7EB4 /* ANYPOPSpring.m */,
			);
			path = Factories;
			sourceTree = "<group>";
		};
		D99658BE59841498F84DC8E0 /* Pods */ = {
			isa = PBXGroup;
			children = (
				99E0E24C84DAC93D9D578DF9 /* Pods-Anymotion.debug.xcconfig */,
				C97D79EAB56CE315A1E2E1BD /* Pods-Anymotion.release.xcconfig */,
			);
			name = Pods;
			sourceTree = "<group>";
		};
		D9AD6186FD79CD4931AA055B /* Frameworks */ = {
			isa = PBXGroup;
			children = (
				28B0113D63251ACFDDA57D21 /* libPods-Anymotion.a */,
			);
			name = Frameworks;
			sourceTree = "<group>";
		};
/* End PBXGroup section */

/* Begin PBXNativeTarget section */
		A341B1961D781FF000FF7EB4 /* Anymotion */ = {
			isa = PBXNativeTarget;
			buildConfigurationList = A341B1C41D781FF000FF7EB4 /* Build configuration list for PBXNativeTarget "Anymotion" */;
			buildPhases = (
				E0A6C8290E96218139414EB8 /* [CP] Check Pods Manifest.lock */,
				A341B1931D781FF000FF7EB4 /* Sources */,
				A341B1941D781FF000FF7EB4 /* Frameworks */,
				A341B1951D781FF000FF7EB4 /* Resources */,
				E6CFDD622D62A3096CEFA681 /* [CP] Embed Pods Frameworks */,
				7D42FFE847E793010CFE0563 /* [CP] Copy Pods Resources */,
			);
			buildRules = (
			);
			dependencies = (
			);
			name = Anymotion;
			productName = Anymotion;
			productReference = A341B1971D781FF000FF7EB4 /* Anymotion.app */;
			productType = "com.apple.product-type.application";
		};
		A341B1AF1D781FF000FF7EB4 /* AnymotionTests */ = {
			isa = PBXNativeTarget;
			buildConfigurationList = A341B1C71D781FF000FF7EB4 /* Build configuration list for PBXNativeTarget "AnymotionTests" */;
			buildPhases = (
				A341B1AC1D781FF000FF7EB4 /* Sources */,
				A341B1AD1D781FF000FF7EB4 /* Frameworks */,
				A341B1AE1D781FF000FF7EB4 /* Resources */,
			);
			buildRules = (
			);
			dependencies = (
				A341B1B21D781FF000FF7EB4 /* PBXTargetDependency */,
			);
			name = AnymotionTests;
			productName = AnymotionTests;
			productReference = A341B1B01D781FF000FF7EB4 /* AnymotionTests.xctest */;
			productType = "com.apple.product-type.bundle.unit-test";
		};
		A341B1BA1D781FF000FF7EB4 /* AnymotionUITests */ = {
			isa = PBXNativeTarget;
			buildConfigurationList = A341B1CA1D781FF000FF7EB4 /* Build configuration list for PBXNativeTarget "AnymotionUITests" */;
			buildPhases = (
				A341B1B71D781FF000FF7EB4 /* Sources */,
				A341B1B81D781FF000FF7EB4 /* Frameworks */,
				A341B1B91D781FF000FF7EB4 /* Resources */,
			);
			buildRules = (
			);
			dependencies = (
				A341B1BD1D781FF000FF7EB4 /* PBXTargetDependency */,
			);
			name = AnymotionUITests;
			productName = AnymotionUITests;
			productReference = A341B1BB1D781FF000FF7EB4 /* AnymotionUITests.xctest */;
			productType = "com.apple.product-type.bundle.ui-testing";
		};
/* End PBXNativeTarget section */

/* Begin PBXProject section */
		A341B18F1D781FF000FF7EB4 /* Project object */ = {
			isa = PBXProject;
			attributes = {
				LastUpgradeCheck = 0730;
				ORGANIZATIONNAME = "Agens AS";
				TargetAttributes = {
					A341B1961D781FF000FF7EB4 = {
						CreatedOnToolsVersion = 7.3.1;
					};
					A341B1AF1D781FF000FF7EB4 = {
						CreatedOnToolsVersion = 7.3.1;
						TestTargetID = A341B1961D781FF000FF7EB4;
					};
					A341B1BA1D781FF000FF7EB4 = {
						CreatedOnToolsVersion = 7.3.1;
						TestTargetID = A341B1961D781FF000FF7EB4;
					};
				};
			};
			buildConfigurationList = A341B1921D781FF000FF7EB4 /* Build configuration list for PBXProject "Anymotion" */;
			compatibilityVersion = "Xcode 3.2";
			developmentRegion = English;
			hasScannedForEncodings = 0;
			knownRegions = (
				en,
				Base,
			);
			mainGroup = A341B18E1D781FF000FF7EB4;
			productRefGroup = A341B1981D781FF000FF7EB4 /* Products */;
			projectDirPath = "";
			projectRoot = "";
			targets = (
				A341B1961D781FF000FF7EB4 /* Anymotion */,
				A341B1AF1D781FF000FF7EB4 /* AnymotionTests */,
				A341B1BA1D781FF000FF7EB4 /* AnymotionUITests */,
			);
		};
/* End PBXProject section */

/* Begin PBXResourcesBuildPhase section */
		A341B1951D781FF000FF7EB4 /* Resources */ = {
			isa = PBXResourcesBuildPhase;
			buildActionMask = 2147483647;
			files = (
				A341B1AA1D781FF000FF7EB4 /* LaunchScreen.storyboard in Resources */,
				A341B1A71D781FF000FF7EB4 /* Assets.xcassets in Resources */,
				A341B1A51D781FF000FF7EB4 /* Main.storyboard in Resources */,
			);
			runOnlyForDeploymentPostprocessing = 0;
		};
		A341B1AE1D781FF000FF7EB4 /* Resources */ = {
			isa = PBXResourcesBuildPhase;
			buildActionMask = 2147483647;
			files = (
			);
			runOnlyForDeploymentPostprocessing = 0;
		};
		A341B1B91D781FF000FF7EB4 /* Resources */ = {
			isa = PBXResourcesBuildPhase;
			buildActionMask = 2147483647;
			files = (
			);
			runOnlyForDeploymentPostprocessing = 0;
		};
/* End PBXResourcesBuildPhase section */

/* Begin PBXShellScriptBuildPhase section */
		7D42FFE847E793010CFE0563 /* [CP] Copy Pods Resources */ = {
			isa = PBXShellScriptBuildPhase;
			buildActionMask = 2147483647;
			files = (
			);
			inputPaths = (
			);
			name = "[CP] Copy Pods Resources";
			outputPaths = (
			);
			runOnlyForDeploymentPostprocessing = 0;
			shellPath = /bin/sh;
			shellScript = "\"${SRCROOT}/Pods/Target Support Files/Pods-Anymotion/Pods-Anymotion-resources.sh\"\n";
			showEnvVarsInLog = 0;
		};
		E0A6C8290E96218139414EB8 /* [CP] Check Pods Manifest.lock */ = {
			isa = PBXShellScriptBuildPhase;
			buildActionMask = 2147483647;
			files = (
			);
			inputPaths = (
			);
			name = "[CP] Check Pods Manifest.lock";
			outputPaths = (
			);
			runOnlyForDeploymentPostprocessing = 0;
			shellPath = /bin/sh;
			shellScript = "diff \"${PODS_ROOT}/../Podfile.lock\" \"${PODS_ROOT}/Manifest.lock\" > /dev/null\nif [[ $? != 0 ]] ; then\n    cat << EOM\nerror: The sandbox is not in sync with the Podfile.lock. Run 'pod install' or update your CocoaPods installation.\nEOM\n    exit 1\nfi\n";
			showEnvVarsInLog = 0;
		};
		E6CFDD622D62A3096CEFA681 /* [CP] Embed Pods Frameworks */ = {
			isa = PBXShellScriptBuildPhase;
			buildActionMask = 2147483647;
			files = (
			);
			inputPaths = (
			);
			name = "[CP] Embed Pods Frameworks";
			outputPaths = (
			);
			runOnlyForDeploymentPostprocessing = 0;
			shellPath = /bin/sh;
			shellScript = "\"${SRCROOT}/Pods/Target Support Files/Pods-Anymotion/Pods-Anymotion-frameworks.sh\"\n";
			showEnvVarsInLog = 0;
		};
/* End PBXShellScriptBuildPhase section */

/* Begin PBXSourcesBuildPhase section */
		A341B1931D781FF000FF7EB4 /* Sources */ = {
			isa = PBXSourcesBuildPhase;
			buildActionMask = 2147483647;
			files = (
				A341B1DE1D78218A00FF7EB4 /* ANYActivity.m in Sources */,
				A341B1E21D78218A00FF7EB4 /* ANYPOPDecay.m in Sources */,
				A341B1DF1D78218A00FF7EB4 /* ANYAnimation.m in Sources */,
				A341B1E11D78218A00FF7EB4 /* ANYPOPBasic.m in Sources */,
				A341B1A21D781FF000FF7EB4 /* ViewController.m in Sources */,
				A341B1E01D78218A00FF7EB4 /* ANYSubscriber.m in Sources */,
				FC7A6A121D78707F00A91B5B /* ANYCABasic.m in Sources */,
				A341B1E31D78218A00FF7EB4 /* ANYPOPSpring.m in Sources */,
				FCD401B91D7995FC004A4B66 /* ANYCALayerAnimationBlockDelegate.m in Sources */,
				A341B19F1D781FF000FF7EB4 /* AppDelegate.m in Sources */,
				A341B19C1D781FF000FF7EB4 /* main.m in Sources */,
				A35EE2E51D869FBF0005FF4B /* ANYUIView.m in Sources */,
			);
			runOnlyForDeploymentPostprocessing = 0;
		};
		A341B1AC1D781FF000FF7EB4 /* Sources */ = {
			isa = PBXSourcesBuildPhase;
			buildActionMask = 2147483647;
			files = (
				A341B1B51D781FF000FF7EB4 /* AnymotionTests.m in Sources */,
			);
			runOnlyForDeploymentPostprocessing = 0;
		};
		A341B1B71D781FF000FF7EB4 /* Sources */ = {
			isa = PBXSourcesBuildPhase;
			buildActionMask = 2147483647;
			files = (
				A341B1C01D781FF000FF7EB4 /* AnymotionUITests.m in Sources */,
			);
			runOnlyForDeploymentPostprocessing = 0;
		};
/* End PBXSourcesBuildPhase section */

/* Begin PBXTargetDependency section */
		A341B1B21D781FF000FF7EB4 /* PBXTargetDependency */ = {
			isa = PBXTargetDependency;
			target = A341B1961D781FF000FF7EB4 /* Anymotion */;
			targetProxy = A341B1B11D781FF000FF7EB4 /* PBXContainerItemProxy */;
		};
		A341B1BD1D781FF000FF7EB4 /* PBXTargetDependency */ = {
			isa = PBXTargetDependency;
			target = A341B1961D781FF000FF7EB4 /* Anymotion */;
			targetProxy = A341B1BC1D781FF000FF7EB4 /* PBXContainerItemProxy */;
		};
/* End PBXTargetDependency section */

/* Begin PBXVariantGroup section */
		A341B1A31D781FF000FF7EB4 /* Main.storyboard */ = {
			isa = PBXVariantGroup;
			children = (
				A341B1A41D781FF000FF7EB4 /* Base */,
			);
			name = Main.storyboard;
			sourceTree = "<group>";
		};
		A341B1A81D781FF000FF7EB4 /* LaunchScreen.storyboard */ = {
			isa = PBXVariantGroup;
			children = (
				A341B1A91D781FF000FF7EB4 /* Base */,
			);
			name = LaunchScreen.storyboard;
			sourceTree = "<group>";
		};
/* End PBXVariantGroup section */

/* Begin XCBuildConfiguration section */
		A341B1C21D781FF000FF7EB4 /* Debug */ = {
			isa = XCBuildConfiguration;
			buildSettings = {
				ALWAYS_SEARCH_USER_PATHS = NO;
				CLANG_ANALYZER_NONNULL = YES;
				CLANG_CXX_LANGUAGE_STANDARD = "gnu++0x";
				CLANG_CXX_LIBRARY = "libc++";
				CLANG_ENABLE_MODULES = YES;
				CLANG_ENABLE_OBJC_ARC = YES;
				CLANG_WARN_BOOL_CONVERSION = YES;
				CLANG_WARN_CONSTANT_CONVERSION = YES;
				CLANG_WARN_DIRECT_OBJC_ISA_USAGE = YES_ERROR;
				CLANG_WARN_EMPTY_BODY = YES;
				CLANG_WARN_ENUM_CONVERSION = YES;
				CLANG_WARN_INT_CONVERSION = YES;
				CLANG_WARN_OBJC_ROOT_CLASS = YES_ERROR;
				CLANG_WARN_UNREACHABLE_CODE = YES;
				CLANG_WARN__DUPLICATE_METHOD_MATCH = YES;
				"CODE_SIGN_IDENTITY[sdk=iphoneos*]" = "iPhone Developer";
				COPY_PHASE_STRIP = NO;
				DEBUG_INFORMATION_FORMAT = dwarf;
				ENABLE_STRICT_OBJC_MSGSEND = YES;
				ENABLE_TESTABILITY = YES;
				GCC_C_LANGUAGE_STANDARD = gnu99;
				GCC_DYNAMIC_NO_PIC = NO;
				GCC_NO_COMMON_BLOCKS = YES;
				GCC_OPTIMIZATION_LEVEL = 0;
				GCC_PREPROCESSOR_DEFINITIONS = (
					"DEBUG=1",
					"$(inherited)",
				);
				GCC_WARN_64_TO_32_BIT_CONVERSION = YES;
				GCC_WARN_ABOUT_RETURN_TYPE = YES_ERROR;
				GCC_WARN_UNDECLARED_SELECTOR = YES;
				GCC_WARN_UNINITIALIZED_AUTOS = YES_AGGRESSIVE;
				GCC_WARN_UNUSED_FUNCTION = YES;
				GCC_WARN_UNUSED_VARIABLE = YES;
				IPHONEOS_DEPLOYMENT_TARGET = 9.3;
				MTL_ENABLE_DEBUG_INFO = YES;
				ONLY_ACTIVE_ARCH = YES;
				SDKROOT = iphoneos;
				TARGETED_DEVICE_FAMILY = "1,2";
			};
			name = Debug;
		};
		A341B1C31D781FF000FF7EB4 /* Release */ = {
			isa = XCBuildConfiguration;
			buildSettings = {
				ALWAYS_SEARCH_USER_PATHS = NO;
				CLANG_ANALYZER_NONNULL = YES;
				CLANG_CXX_LANGUAGE_STANDARD = "gnu++0x";
				CLANG_CXX_LIBRARY = "libc++";
				CLANG_ENABLE_MODULES = YES;
				CLANG_ENABLE_OBJC_ARC = YES;
				CLANG_WARN_BOOL_CONVERSION = YES;
				CLANG_WARN_CONSTANT_CONVERSION = YES;
				CLANG_WARN_DIRECT_OBJC_ISA_USAGE = YES_ERROR;
				CLANG_WARN_EMPTY_BODY = YES;
				CLANG_WARN_ENUM_CONVERSION = YES;
				CLANG_WARN_INT_CONVERSION = YES;
				CLANG_WARN_OBJC_ROOT_CLASS = YES_ERROR;
				CLANG_WARN_UNREACHABLE_CODE = YES;
				CLANG_WARN__DUPLICATE_METHOD_MATCH = YES;
				"CODE_SIGN_IDENTITY[sdk=iphoneos*]" = "iPhone Developer";
				COPY_PHASE_STRIP = NO;
				DEBUG_INFORMATION_FORMAT = "dwarf-with-dsym";
				ENABLE_NS_ASSERTIONS = NO;
				ENABLE_STRICT_OBJC_MSGSEND = YES;
				GCC_C_LANGUAGE_STANDARD = gnu99;
				GCC_NO_COMMON_BLOCKS = YES;
				GCC_WARN_64_TO_32_BIT_CONVERSION = YES;
				GCC_WARN_ABOUT_RETURN_TYPE = YES_ERROR;
				GCC_WARN_UNDECLARED_SELECTOR = YES;
				GCC_WARN_UNINITIALIZED_AUTOS = YES_AGGRESSIVE;
				GCC_WARN_UNUSED_FUNCTION = YES;
				GCC_WARN_UNUSED_VARIABLE = YES;
				IPHONEOS_DEPLOYMENT_TARGET = 9.3;
				MTL_ENABLE_DEBUG_INFO = NO;
				SDKROOT = iphoneos;
				TARGETED_DEVICE_FAMILY = "1,2";
				VALIDATE_PRODUCT = YES;
			};
			name = Release;
		};
		A341B1C51D781FF000FF7EB4 /* Debug */ = {
			isa = XCBuildConfiguration;
			baseConfigurationReference = 99E0E24C84DAC93D9D578DF9 /* Pods-Anymotion.debug.xcconfig */;
			buildSettings = {
				ASSETCATALOG_COMPILER_APPICON_NAME = AppIcon;
				INFOPLIST_FILE = Anymotion/Info.plist;
				LD_RUNPATH_SEARCH_PATHS = "$(inherited) @executable_path/Frameworks";
				PRODUCT_BUNDLE_IDENTIFIER = no.agens.Anymotion;
				PRODUCT_NAME = "$(TARGET_NAME)";
			};
			name = Debug;
		};
		A341B1C61D781FF000FF7EB4 /* Release */ = {
			isa = XCBuildConfiguration;
			baseConfigurationReference = C97D79EAB56CE315A1E2E1BD /* Pods-Anymotion.release.xcconfig */;
			buildSettings = {
				ASSETCATALOG_COMPILER_APPICON_NAME = AppIcon;
				INFOPLIST_FILE = Anymotion/Info.plist;
				LD_RUNPATH_SEARCH_PATHS = "$(inherited) @executable_path/Frameworks";
				PRODUCT_BUNDLE_IDENTIFIER = no.agens.Anymotion;
				PRODUCT_NAME = "$(TARGET_NAME)";
			};
			name = Release;
		};
		A341B1C81D781FF000FF7EB4 /* Debug */ = {
			isa = XCBuildConfiguration;
			buildSettings = {
				BUNDLE_LOADER = "$(TEST_HOST)";
				INFOPLIST_FILE = AnymotionTests/Info.plist;
				LD_RUNPATH_SEARCH_PATHS = "$(inherited) @executable_path/Frameworks @loader_path/Frameworks";
				PRODUCT_BUNDLE_IDENTIFIER = no.agens.AnymotionTests;
				PRODUCT_NAME = "$(TARGET_NAME)";
				TEST_HOST = "$(BUILT_PRODUCTS_DIR)/Anymotion.app/Anymotion";
			};
			name = Debug;
		};
		A341B1C91D781FF000FF7EB4 /* Release */ = {
			isa = XCBuildConfiguration;
			buildSettings = {
				BUNDLE_LOADER = "$(TEST_HOST)";
				INFOPLIST_FILE = AnymotionTests/Info.plist;
				LD_RUNPATH_SEARCH_PATHS = "$(inherited) @executable_path/Frameworks @loader_path/Frameworks";
				PRODUCT_BUNDLE_IDENTIFIER = no.agens.AnymotionTests;
				PRODUCT_NAME = "$(TARGET_NAME)";
				TEST_HOST = "$(BUILT_PRODUCTS_DIR)/Anymotion.app/Anymotion";
			};
			name = Release;
		};
		A341B1CB1D781FF000FF7EB4 /* Debug */ = {
			isa = XCBuildConfiguration;
			buildSettings = {
				INFOPLIST_FILE = AnymotionUITests/Info.plist;
				LD_RUNPATH_SEARCH_PATHS = "$(inherited) @executable_path/Frameworks @loader_path/Frameworks";
				PRODUCT_BUNDLE_IDENTIFIER = no.agens.AnymotionUITests;
				PRODUCT_NAME = "$(TARGET_NAME)";
				TEST_TARGET_NAME = Anymotion;
			};
			name = Debug;
		};
		A341B1CC1D781FF000FF7EB4 /* Release */ = {
			isa = XCBuildConfiguration;
			buildSettings = {
				INFOPLIST_FILE = AnymotionUITests/Info.plist;
				LD_RUNPATH_SEARCH_PATHS = "$(inherited) @executable_path/Frameworks @loader_path/Frameworks";
				PRODUCT_BUNDLE_IDENTIFIER = no.agens.AnymotionUITests;
				PRODUCT_NAME = "$(TARGET_NAME)";
				TEST_TARGET_NAME = Anymotion;
			};
			name = Release;
		};
/* End XCBuildConfiguration section */

/* Begin XCConfigurationList section */
		A341B1921D781FF000FF7EB4 /* Build configuration list for PBXProject "Anymotion" */ = {
			isa = XCConfigurationList;
			buildConfigurations = (
				A341B1C21D781FF000FF7EB4 /* Debug */,
				A341B1C31D781FF000FF7EB4 /* Release */,
			);
			defaultConfigurationIsVisible = 0;
			defaultConfigurationName = Release;
		};
		A341B1C41D781FF000FF7EB4 /* Build configuration list for PBXNativeTarget "Anymotion" */ = {
			isa = XCConfigurationList;
			buildConfigurations = (
				A341B1C51D781FF000FF7EB4 /* Debug */,
				A341B1C61D781FF000FF7EB4 /* Release */,
			);
			defaultConfigurationIsVisible = 0;
			defaultConfigurationName = Release;
		};
		A341B1C71D781FF000FF7EB4 /* Build configuration list for PBXNativeTarget "AnymotionTests" */ = {
			isa = XCConfigurationList;
			buildConfigurations = (
				A341B1C81D781FF000FF7EB4 /* Debug */,
				A341B1C91D781FF000FF7EB4 /* Release */,
			);
			defaultConfigurationIsVisible = 0;
			defaultConfigurationName = Release;
		};
		A341B1CA1D781FF000FF7EB4 /* Build configuration list for PBXNativeTarget "AnymotionUITests" */ = {
			isa = XCConfigurationList;
			buildConfigurations = (
				A341B1CB1D781FF000FF7EB4 /* Debug */,
				A341B1CC1D781FF000FF7EB4 /* Release */,
			);
			defaultConfigurationIsVisible = 0;
			defaultConfigurationName = Release;
		};
/* End XCConfigurationList section */
	};
	rootObject = A341B18F1D781FF000FF7EB4 /* Project object */;
}
